{
  "nodes": {
    "firefox": {
      "inputs": {
        "nixpkgs": "nixpkgs"
      },
      "locked": {
        "lastModified": 1679878370,
        "narHash": "sha256-FvB5dUaUEcC2NJPJXaPmhc+Py2MtGRhcZxTGoA2K4wA=",
        "path": "/home/chris/.config/nix/firefox",
        "type": "path"
      },
      "original": {
        "path": "/home/chris/.config/nix/firefox",
        "type": "path"
      }
    },
    "home": {
      "locked": {
        "lastModified": 1679899098,
        "narHash": "sha256-i+m9CduyD3C0H0alXcEdDpo9nPzF1bfZs7KfzsLxsWg=",
        "path": "/home/chris/.config/nix/home",
        "type": "path"
      },
      "original": {
        "path": "/home/chris/.config/nix/home",
        "type": "path"
      }
    },
    "home-manager": {
      "inputs": {
        "nixpkgs": "nixpkgs_2",
        "utils": "utils"
      },
      "locked": {
        "lastModified": 1679786039,
        "narHash": "sha256-VNjswu0Q4bZOkWNuc0+dHvRdjUCj+MnDlRfw/Q0R3vI=",
        "owner": "nix-community",
        "repo": "home-manager",
        "rev": "cf662b6c98a0da81e06066fff0ecf9cbd4627727",
        "type": "github"
      },
      "original": {
        "owner": "nix-community",
        "repo": "home-manager",
        "type": "github"
      }
    },
    "hoogle": {
      "inputs": {
        "nixpkgs": "nixpkgs_3"
      },
      "locked": {
        "lastModified": 1679870091,
        "narHash": "sha256-apavqQmBlC3aDeto43UiJtjnqcEwX6MXIKXgqWJu2VU=",
        "path": "/home/chris/.config/nix/hoogle",
        "type": "path"
      },
      "original": {
        "path": "/home/chris/.config/nix/hoogle",
        "type": "path"
      }
    },
    "nixosBase": {
      "locked": {
        "lastModified": 1679895888,
        "narHash": "sha256-fNFSbeVbjfAV/G6w+wo+KPkENExY47mvGWZ30g4iNd8=",
        "path": "/home/chris/.config/nix/nixos-base",
        "type": "path"
      },
      "original": {
        "path": "/home/chris/.config/nix/nixos-base",
        "type": "path"
      }
    },
    "nixpkgs": {
      "locked": {
        "lastModified": 1679878101,
        "narHash": "sha256-K7frDVaLzWCE2LoRzxGOpzI3fT6T8emKXmTJ9IYlqHY=",
        "owner": "NixOS",
        "repo": "nixpkgs",
        "rev": "5d84be61c5b33c54a42eacc2f4d71104ca9a159f",
        "type": "github"
      },
      "original": {
        "owner": "NixOS",
        "repo": "nixpkgs",
        "type": "github"
      }
    },
    "nixpkgs-unstable": {
      "locked": {
        "lastModified": 1679705136,
        "narHash": "sha256-MDlZUR7wJ3PlPtqwwoGQr3euNOe0vdSSteVVOef7tBY=",
        "owner": "NixOS",
        "repo": "nixpkgs",
        "rev": "8f40f2f90b9c9032d1b824442cfbbe0dbabd0dbd",
        "type": "github"
      },
      "original": {
        "owner": "NixOS",
        "ref": "nixos-unstable",
        "repo": "nixpkgs",
        "type": "github"
      }
    },
    "nixpkgs_2": {
      "locked": {
        "lastModified": 1677932085,
        "narHash": "sha256-+AB4dYllWig8iO6vAiGGYl0NEgmMgGHpy9gzWJ3322g=",
        "owner": "nixos",
        "repo": "nixpkgs",
        "rev": "3c5319ad3aa51551182ac82ea17ab1c6b0f0df89",
        "type": "github"
      },
      "original": {
        "owner": "nixos",
        "ref": "nixos-unstable",
        "repo": "nixpkgs",
        "type": "github"
      }
    },
    "nixpkgs_3": {
      "locked": {
        "lastModified": 1679797994,
        "narHash": "sha256-Kr/O/UlfqAtoFmkZeAaphsxogeaN8a/IugBApFzPfpk=",
        "owner": "NixOS",
        "repo": "nixpkgs",
        "rev": "5f9d1bb572e08ec432ae46c78581919d837a90f6",
        "type": "github"
      },
      "original": {
        "owner": "NixOS",
        "ref": "nixos-unstable",
        "repo": "nixpkgs",
        "type": "github"
      }
    },
    "nixpkgs_4": {
      "locked": {
        "lastModified": 1679748960,
        "narHash": "sha256-BP8XcYHyj1NxQi04RpyNW8e7KiXSoI+Fy1tXIK2GfdA=",
        "owner": "NixOS",
        "repo": "nixpkgs",
        "rev": "da26ae9f6ce2c9ab380c0f394488892616fc5a6a",
        "type": "github"
      },
      "original": {
        "owner": "NixOS",
        "ref": "nixos-22.11",
        "repo": "nixpkgs",
        "type": "github"
      }
    },
    "nixpkgs_5": {
      "locked": {
        "lastModified": 1679875356,
        "narHash": "sha256-NKmOIPQ0bUNADzXcdXJYvJSAXTBNxX1+5nMc5a5JlkM=",
        "owner": "NixOS",
        "repo": "nixpkgs",
        "rev": "fb087c790444dd79a04d0797154baf2aa01d170c",
        "type": "github"
      },
      "original": {
        "owner": "NixOS",
        "repo": "nixpkgs",
        "type": "github"
      }
    },
    "root": {
      "inputs": {
        "firefox": "firefox",
        "home": "home",
        "home-manager": "home-manager",
        "hoogle": "hoogle",
        "nixosBase": "nixosBase",
        "nixpkgs": "nixpkgs_4",
        "nixpkgs-unstable": "nixpkgs-unstable",
        "vscode": "vscode"
      }
    },
    "utils": {
      "locked": {
        "lastModified": 1676283394,
        "narHash": "sha256-XX2f9c3iySLCw54rJ/CZs+ZK6IQy7GXNY4nSOyu2QG4=",
        "owner": "numtide",
        "repo": "flake-utils",
        "rev": "3db36a8b464d0c4532ba1c7dda728f4576d6d073",
        "type": "github"
      },
      "original": {
        "owner": "numtide",
        "repo": "flake-utils",
        "type": "github"
      }
    },
    "vscode": {
      "inputs": {
        "nixpkgs": "nixpkgs_5"
      },
      "locked": {
        "lastModified": 1679876966,
        "narHash": "sha256-fgpprQZufNIsvGB0l4RWn1lFfQ1v77IUtjnyYgdSh8w=",
        "path": "/home/chris/.config/nix/vscode",
        "type": "path"
      },
      "original": {
        "path": "/home/chris/.config/nix/vscode",
        "type": "path"
      }
    }
  },
  "root": "root",
  "version": 7
}
