{
  "nodes": {
    "nixpkgs": {
      "locked": {
        "lastModified": 1679472241,
        "narHash": "sha256-VK2YDic2NjPvfsuneJCLIrWS38qUfoW8rLLimx0rWXA=",
        "owner": "NixOS",
        "repo": "nixpkgs",
        "rev": "9ef6e7727f4c31507627815d4f8679c5841efb00",
        "type": "github"
      },
      "original": {
        "owner": "NixOS",
        "ref": "nixos-22.11",
        "repo": "nixpkgs",
        "type": "github"
      }
    },
    "root": {
      "inputs": {
        "nixpkgs": "nixpkgs"
      }
    }
  },
  "root": "root",
  "version": 7
}
