{
  "nodes": {
    "nixpkgs": {
      "locked": {
        "lastModified": 1679748960,
        "narHash": "sha256-BP8XcYHyj1NxQi04RpyNW8e7KiXSoI+Fy1tXIK2GfdA=",
        "owner": "NixOS",
        "repo": "nixpkgs",
        "rev": "da26ae9f6ce2c9ab380c0f394488892616fc5a6a",
        "type": "github"
      },
      "original": {
        "owner": "NixOS",
        "ref": "nixos-22.11",
        "repo": "nixpkgs",
        "type": "github"
      }
    },
    "root": {
      "inputs": {
        "nixpkgs": "nixpkgs"
      }
    }
  },
  "root": "root",
  "version": 7
}
