{
  "nodes": {
    "nixpkgs": {
      "locked": {
        "lastModified": 1679875356,
        "narHash": "sha256-NKmOIPQ0bUNADzXcdXJYvJSAXTBNxX1+5nMc5a5JlkM=",
        "owner": "NixOS",
        "repo": "nixpkgs",
        "rev": "fb087c790444dd79a04d0797154baf2aa01d170c",
        "type": "github"
      },
      "original": {
        "owner": "NixOS",
        "repo": "nixpkgs",
        "type": "github"
      }
    },
    "root": {
      "inputs": {
        "nixpkgs": "nixpkgs"
      }
    }
  },
  "root": "root",
  "version": 7
}
