{
  "nodes": {
    "home-manager-cubby": {
      "inputs": {
        "nixpkgs": "nixpkgs"
      },
      "locked": {
        "lastModified": 1705476964,
        "narHash": "sha256-W5OK1fnj4qdn1HWOlxV2S3YiUvfaVjQM5ldWVpGV1fs=",
        "owner": "nix-community",
        "repo": "home-manager",
        "rev": "85c3b600f660abd86e94cbcd1c46733943197a07",
        "type": "github"
      },
      "original": {
        "owner": "nix-community",
        "ref": "release-23.11",
        "repo": "home-manager",
        "type": "github"
      }
    },
    "home-manager-renzo": {
      "inputs": {
        "nixpkgs": "nixpkgs_2"
      },
      "locked": {
        "lastModified": 1703367386,
        "narHash": "sha256-FMbm48UGrBfOWGt8+opuS+uLBLQlRfhiYXhHNcYMS5k=",
        "owner": "nix-community",
        "repo": "home-manager",
        "rev": "d5824a76bc6bb93d1dce9ebbbcb09a9b6abcc224",
        "type": "github"
      },
      "original": {
        "owner": "nix-community",
        "ref": "release-23.11",
        "repo": "home-manager",
        "type": "github"
      }
    },
    "nixpkgs": {
      "locked": {
        "lastModified": 1705331948,
        "narHash": "sha256-qjQXfvrAT1/RKDFAMdl8Hw3m4tLVvMCc8fMqzJv0pP4=",
        "owner": "NixOS",
        "repo": "nixpkgs",
        "rev": "b8dd8be3c790215716e7c12b247f45ca525867e2",
        "type": "github"
      },
      "original": {
        "owner": "NixOS",
        "ref": "nixos-23.11",
        "repo": "nixpkgs",
        "type": "github"
      }
    },
    "nixpkgs-for-docker": {
      "locked": {
        "lastModified": 1688392541,
        "narHash": "sha256-lHrKvEkCPTUO+7tPfjIcb7Trk6k31rz18vkyqmkeJfY=",
        "owner": "NixOS",
        "repo": "nixpkgs",
        "rev": "ea4c80b39be4c09702b0cb3b42eab59e2ba4f24b",
        "type": "github"
      },
      "original": {
        "owner": "NixOS",
        "ref": "nixos-22.11",
        "repo": "nixpkgs",
        "type": "github"
      }
    },
    "nixpkgs-for-hoogle-cubby": {
      "locked": {
        "lastModified": 1705316053,
        "narHash": "sha256-J2Ey5mPFT8gdfL2XC0JTZvKaBw/b2pnyudEXFvl+dQM=",
        "owner": "NixOS",
        "repo": "nixpkgs",
        "rev": "c3e128f3c0ecc1fb04aef9f72b3dcc2f6cecf370",
        "type": "github"
      },
      "original": {
        "owner": "NixOS",
        "ref": "nixos-unstable",
        "repo": "nixpkgs",
        "type": "github"
      }
    },
    "nixpkgs-for-hoogle-renzo": {
      "locked": {
        "lastModified": 1679865578,
        "narHash": "sha256-sYQmxxqIYL3QFsRYjW0AufhGur8qWfwoOGPGHRJZlGc=",
        "owner": "NixOS",
        "repo": "nixpkgs",
        "rev": "4361baa782dc3d3b35fd455a1adc370681d9187c",
        "type": "github"
      },
      "original": {
        "owner": "NixOS",
        "ref": "nixos-unstable",
        "repo": "nixpkgs",
        "type": "github"
      }
    },
    "nixpkgs-for-lib": {
      "locked": {
        "lastModified": 1701952659,
        "narHash": "sha256-TJv2srXt6fYPUjxgLAL0cy4nuf1OZD4KuA1TrCiQqg0=",
        "owner": "NixOS",
        "repo": "nixpkgs",
        "rev": "b4372c4924d9182034066c823df76d6eaf1f4ec4",
        "type": "github"
      },
      "original": {
        "owner": "NixOS",
        "ref": "nixos-23.11",
        "repo": "nixpkgs",
        "type": "github"
      }
    },
    "nixpkgs-for-nixos-cubby": {
      "locked": {
        "lastModified": 1705331948,
        "narHash": "sha256-qjQXfvrAT1/RKDFAMdl8Hw3m4tLVvMCc8fMqzJv0pP4=",
        "owner": "NixOS",
        "repo": "nixpkgs",
        "rev": "b8dd8be3c790215716e7c12b247f45ca525867e2",
        "type": "github"
      },
      "original": {
        "owner": "NixOS",
        "ref": "nixos-23.11",
        "repo": "nixpkgs",
        "type": "github"
      }
    },
    "nixpkgs-for-nixos-renzo": {
      "locked": {
        "lastModified": 1703900474,
        "narHash": "sha256-Zu+chYVYG2cQ4FCbhyo6rc5Lu0ktZCjRbSPE0fDgukI=",
        "owner": "NixOS",
        "repo": "nixpkgs",
        "rev": "9dd7699928e26c3c00d5d46811f1358524081062",
        "type": "github"
      },
      "original": {
        "owner": "NixOS",
        "ref": "nixos-23.11",
        "repo": "nixpkgs",
        "type": "github"
      }
    },
    "nixpkgs-from-stable-cubby": {
      "locked": {
        "lastModified": 1705331948,
        "narHash": "sha256-qjQXfvrAT1/RKDFAMdl8Hw3m4tLVvMCc8fMqzJv0pP4=",
        "owner": "NixOS",
        "repo": "nixpkgs",
        "rev": "b8dd8be3c790215716e7c12b247f45ca525867e2",
        "type": "github"
      },
      "original": {
        "owner": "NixOS",
        "ref": "nixos-23.11",
        "repo": "nixpkgs",
        "type": "github"
      }
    },
    "nixpkgs-from-stable-renzo": {
      "locked": {
        "lastModified": 1703900474,
        "narHash": "sha256-Zu+chYVYG2cQ4FCbhyo6rc5Lu0ktZCjRbSPE0fDgukI=",
        "owner": "NixOS",
        "repo": "nixpkgs",
        "rev": "9dd7699928e26c3c00d5d46811f1358524081062",
        "type": "github"
      },
      "original": {
        "owner": "NixOS",
        "ref": "nixos-23.11",
        "repo": "nixpkgs",
        "type": "github"
      }
    },
    "nixpkgs-from-unstable-cubby": {
      "locked": {
        "lastModified": 1705316053,
        "narHash": "sha256-J2Ey5mPFT8gdfL2XC0JTZvKaBw/b2pnyudEXFvl+dQM=",
        "owner": "NixOS",
        "repo": "nixpkgs",
        "rev": "c3e128f3c0ecc1fb04aef9f72b3dcc2f6cecf370",
        "type": "github"
      },
      "original": {
        "owner": "NixOS",
        "ref": "nixos-unstable",
        "repo": "nixpkgs",
        "type": "github"
      }
    },
    "nixpkgs-from-unstable-renzo": {
      "locked": {
        "lastModified": 1679865578,
        "narHash": "sha256-sYQmxxqIYL3QFsRYjW0AufhGur8qWfwoOGPGHRJZlGc=",
        "owner": "NixOS",
        "repo": "nixpkgs",
        "rev": "4361baa782dc3d3b35fd455a1adc370681d9187c",
        "type": "github"
      },
      "original": {
        "owner": "NixOS",
        "ref": "nixos-unstable",
        "repo": "nixpkgs",
        "type": "github"
      }
    },
    "nixpkgs_2": {
      "locked": {
        "lastModified": 1703637592,
        "narHash": "sha256-8MXjxU0RfFfzl57Zy3OfXCITS0qWDNLzlBAdwxGZwfY=",
        "owner": "NixOS",
        "repo": "nixpkgs",
        "rev": "cfc3698c31b1fb9cdcf10f36c9643460264d0ca8",
        "type": "github"
      },
      "original": {
        "owner": "NixOS",
        "ref": "nixos-unstable",
        "repo": "nixpkgs",
        "type": "github"
      }
    },
    "root": {
      "inputs": {
        "home-manager-cubby": "home-manager-cubby",
        "home-manager-renzo": "home-manager-renzo",
        "nixpkgs-for-docker": "nixpkgs-for-docker",
        "nixpkgs-for-hoogle-cubby": "nixpkgs-for-hoogle-cubby",
        "nixpkgs-for-hoogle-renzo": "nixpkgs-for-hoogle-renzo",
        "nixpkgs-for-lib": "nixpkgs-for-lib",
        "nixpkgs-for-nixos-cubby": "nixpkgs-for-nixos-cubby",
        "nixpkgs-for-nixos-renzo": "nixpkgs-for-nixos-renzo",
        "nixpkgs-from-stable-cubby": "nixpkgs-from-stable-cubby",
        "nixpkgs-from-stable-renzo": "nixpkgs-from-stable-renzo",
        "nixpkgs-from-unstable-cubby": "nixpkgs-from-unstable-cubby",
        "nixpkgs-from-unstable-renzo": "nixpkgs-from-unstable-renzo"
      }
    }
  },
  "root": "root",
  "version": 7
}
